
Microsoft Visual Studio Solution File, Format Version 12.00
# Visual Studio 15
VisualStudioVersion = 15.0.27703.2000
MinimumVisualStudioVersion = 10.0.40219.1
Project("{FAE04EC0-301F-11D3-BF4B-00C04F79EFBC}") = "MaximumDepthOfBT", "MaximumDepthOfBT\MaximumDepthOfBT.csproj", "{FB26FEDA-CC97-4DE1-A285-C51FB2945AEC}"
EndProject
Project("{FAE04EC0-301F-11D3-BF4B-00C04F79EFBC}") = "BinarySearchTree", "..\BinarySearchTree\BinarySearchTree\BinarySearchTree.csproj", "{75B12557-7E5B-4EC5-AA95-F847F955BA62}"
EndProject
Project("{FAE04EC0-301F-11D3-BF4B-00C04F79EFBC}") = "DynamicStructures", "..\EstrcuturasDinamicas\EstrcuturasDinamicas\DynamicStructures.csproj", "{7F6D0EB4-4829-4404-AF76-36146E9C9448}"
EndProject
Global
	GlobalSection(SolutionConfigurationPlatforms) = preSolution
		Debug|Any CPU = Debug|Any CPU
		Release|Any CPU = Release|Any CPU
	EndGlobalSection
	GlobalSection(ProjectConfigurationPlatforms) = postSolution
		{FB26FEDA-CC97-4DE1-A285-C51FB2945AEC}.Debug|Any CPU.ActiveCfg = Debug|Any CPU
		{FB26FEDA-CC97-4DE1-A285-C51FB2945AEC}.Debug|Any CPU.Build.0 = Debug|Any CPU
		{FB26FEDA-CC97-4DE1-A285-C51FB2945AEC}.Release|Any CPU.ActiveCfg = Release|Any CPU
		{FB26FEDA-CC97-4DE1-A285-C51FB2945AEC}.Release|Any CPU.Build.0 = Release|Any CPU
		{75B12557-7E5B-4EC5-AA95-F847F955BA62}.Debug|Any CPU.ActiveCfg = Debug|Any CPU
		{75B12557-7E5B-4EC5-AA95-F847F955BA62}.Debug|Any CPU.Build.0 = Debug|Any CPU
		{75B12557-7E5B-4EC5-AA95-F847F955BA62}.Release|Any CPU.ActiveCfg = Release|Any CPU
		{75B12557-7E5B-4EC5-AA95-F847F955BA62}.Release|Any CPU.Build.0 = Release|Any CPU
		{7F6D0EB4-4829-4404-AF76-36146E9C9448}.Debug|Any CPU.ActiveCfg = Debug|Any CPU
		{7F6D0EB4-4829-4404-AF76-36146E9C9448}.Debug|Any CPU.Build.0 = Debug|Any CPU
		{7F6D0EB4-4829-4404-AF76-36146E9C9448}.Release|Any CPU.ActiveCfg = Release|Any CPU
		{7F6D0EB4-4829-4404-AF76-36146E9C9448}.Release|Any CPU.Build.0 = Release|Any CPU
	EndGlobalSection
	GlobalSection(SolutionProperties) = preSolution
		HideSolutionNode = FALSE
	EndGlobalSection
	GlobalSection(ExtensibilityGlobals) = postSolution
		SolutionGuid = {6776A64C-268E-41A8-A735-B00DDC6E61EB}
	EndGlobalSection
EndGlobal
