
Microsoft Visual Studio Solution File, Format Version 12.00
# Visual Studio 15
VisualStudioVersion = 15.0.28010.2003
MinimumVisualStudioVersion = 10.0.40219.1
Project("{8BC9CEB8-8B4A-11D0-8D11-00A0C91BC942}") = "CStructures", "CStructures\CStructures.vcxproj", "{37E0D521-30B2-4DC8-9D72-CB3870B1EE32}"
EndProject
Global
	GlobalSection(SolutionConfigurationPlatforms) = preSolution
		Debug|x64 = Debug|x64
		Debug|x86 = Debug|x86
		Release|x64 = Release|x64
		Release|x86 = Release|x86
	EndGlobalSection
	GlobalSection(ProjectConfigurationPlatforms) = postSolution
		{37E0D521-30B2-4DC8-9D72-CB3870B1EE32}.Debug|x64.ActiveCfg = Debug|x64
		{37E0D521-30B2-4DC8-9D72-CB3870B1EE32}.Debug|x64.Build.0 = Debug|x64
		{37E0D521-30B2-4DC8-9D72-CB3870B1EE32}.Debug|x86.ActiveCfg = Debug|Win32
		{37E0D521-30B2-4DC8-9D72-CB3870B1EE32}.Debug|x86.Build.0 = Debug|Win32
		{37E0D521-30B2-4DC8-9D72-CB3870B1EE32}.Release|x64.ActiveCfg = Release|x64
		{37E0D521-30B2-4DC8-9D72-CB3870B1EE32}.Release|x64.Build.0 = Release|x64
		{37E0D521-30B2-4DC8-9D72-CB3870B1EE32}.Release|x86.ActiveCfg = Release|Win32
		{37E0D521-30B2-4DC8-9D72-CB3870B1EE32}.Release|x86.Build.0 = Release|Win32
	EndGlobalSection
	GlobalSection(SolutionProperties) = preSolution
		HideSolutionNode = FALSE
	EndGlobalSection
	GlobalSection(ExtensibilityGlobals) = postSolution
		SolutionGuid = {145BDA90-76C6-498F-B286-3A3D72B873C9}
	EndGlobalSection
EndGlobal
