
Microsoft Visual Studio Solution File, Format Version 12.00
# Visual Studio 15
VisualStudioVersion = 15.0.28010.2003
MinimumVisualStudioVersion = 10.0.40219.1
Project("{FAE04EC0-301F-11D3-BF4B-00C04F79EFBC}") = "Proyecto1_1096917", "Proyecto1_1096917\Proyecto1_1096917.csproj", "{A02D9438-152A-43AF-A534-73C8A1BCAB00}"
EndProject
Project("{FAE04EC0-301F-11D3-BF4B-00C04F79EFBC}") = "DynamicStructures", "DynamicStructures\EstrcuturasDinamicas\DynamicStructures.csproj", "{7F6D0EB4-4829-4404-AF76-36146E9C9448}"
EndProject
Global
	GlobalSection(SolutionConfigurationPlatforms) = preSolution
		Debug|Any CPU = Debug|Any CPU
		Release|Any CPU = Release|Any CPU
	EndGlobalSection
	GlobalSection(ProjectConfigurationPlatforms) = postSolution
		{A02D9438-152A-43AF-A534-73C8A1BCAB00}.Debug|Any CPU.ActiveCfg = Debug|Any CPU
		{A02D9438-152A-43AF-A534-73C8A1BCAB00}.Debug|Any CPU.Build.0 = Debug|Any CPU
		{A02D9438-152A-43AF-A534-73C8A1BCAB00}.Release|Any CPU.ActiveCfg = Release|Any CPU
		{A02D9438-152A-43AF-A534-73C8A1BCAB00}.Release|Any CPU.Build.0 = Release|Any CPU
		{7F6D0EB4-4829-4404-AF76-36146E9C9448}.Debug|Any CPU.ActiveCfg = Debug|Any CPU
		{7F6D0EB4-4829-4404-AF76-36146E9C9448}.Debug|Any CPU.Build.0 = Debug|Any CPU
		{7F6D0EB4-4829-4404-AF76-36146E9C9448}.Release|Any CPU.ActiveCfg = Release|Any CPU
		{7F6D0EB4-4829-4404-AF76-36146E9C9448}.Release|Any CPU.Build.0 = Release|Any CPU
	EndGlobalSection
	GlobalSection(SolutionProperties) = preSolution
		HideSolutionNode = FALSE
	EndGlobalSection
	GlobalSection(ExtensibilityGlobals) = postSolution
		SolutionGuid = {0C9D5146-C880-4313-9B07-639B20CE7077}
	EndGlobalSection
EndGlobal
