
Microsoft Visual Studio Solution File, Format Version 12.00
# Visual Studio 15
VisualStudioVersion = 15.0.28010.2003
MinimumVisualStudioVersion = 10.0.40219.1
Project("{8BC9CEB8-8B4A-11D0-8D11-00A0C91BC942}") = "Punteros", "Punteros\Punteros.vcxproj", "{52285185-8CFF-4C20-B7A1-5259F4DC1223}"
EndProject
Global
	GlobalSection(SolutionConfigurationPlatforms) = preSolution
		Debug|x64 = Debug|x64
		Debug|x86 = Debug|x86
		Release|x64 = Release|x64
		Release|x86 = Release|x86
	EndGlobalSection
	GlobalSection(ProjectConfigurationPlatforms) = postSolution
		{52285185-8CFF-4C20-B7A1-5259F4DC1223}.Debug|x64.ActiveCfg = Debug|x64
		{52285185-8CFF-4C20-B7A1-5259F4DC1223}.Debug|x64.Build.0 = Debug|x64
		{52285185-8CFF-4C20-B7A1-5259F4DC1223}.Debug|x86.ActiveCfg = Debug|Win32
		{52285185-8CFF-4C20-B7A1-5259F4DC1223}.Debug|x86.Build.0 = Debug|Win32
		{52285185-8CFF-4C20-B7A1-5259F4DC1223}.Release|x64.ActiveCfg = Release|x64
		{52285185-8CFF-4C20-B7A1-5259F4DC1223}.Release|x64.Build.0 = Release|x64
		{52285185-8CFF-4C20-B7A1-5259F4DC1223}.Release|x86.ActiveCfg = Release|Win32
		{52285185-8CFF-4C20-B7A1-5259F4DC1223}.Release|x86.Build.0 = Release|Win32
	EndGlobalSection
	GlobalSection(SolutionProperties) = preSolution
		HideSolutionNode = FALSE
	EndGlobalSection
	GlobalSection(ExtensibilityGlobals) = postSolution
		SolutionGuid = {E9BE3E0C-CC69-43C0-95A8-A4D16CAEF5DF}
	EndGlobalSection
EndGlobal
