
Microsoft Visual Studio Solution File, Format Version 12.00
# Visual Studio 15
VisualStudioVersion = 15.0.27703.2000
MinimumVisualStudioVersion = 10.0.40219.1
Project("{FAE04EC0-301F-11D3-BF4B-00C04F79EFBC}") = "Laboratorio_1", "Laboratorio_1\Laboratorio_1.csproj", "{3F5F12E6-3FE6-4148-8E2D-07568CD6ED25}"
EndProject
Global
	GlobalSection(SolutionConfigurationPlatforms) = preSolution
		Debug|Any CPU = Debug|Any CPU
		Release|Any CPU = Release|Any CPU
	EndGlobalSection
	GlobalSection(ProjectConfigurationPlatforms) = postSolution
		{3F5F12E6-3FE6-4148-8E2D-07568CD6ED25}.Debug|Any CPU.ActiveCfg = Debug|Any CPU
		{3F5F12E6-3FE6-4148-8E2D-07568CD6ED25}.Debug|Any CPU.Build.0 = Debug|Any CPU
		{3F5F12E6-3FE6-4148-8E2D-07568CD6ED25}.Release|Any CPU.ActiveCfg = Release|Any CPU
		{3F5F12E6-3FE6-4148-8E2D-07568CD6ED25}.Release|Any CPU.Build.0 = Release|Any CPU
	EndGlobalSection
	GlobalSection(SolutionProperties) = preSolution
		HideSolutionNode = FALSE
	EndGlobalSection
	GlobalSection(ExtensibilityGlobals) = postSolution
		SolutionGuid = {A9745DAC-22A7-4E03-BC90-F065DE265686}
	EndGlobalSection
EndGlobal
