
Microsoft Visual Studio Solution File, Format Version 12.00
# Visual Studio 15
VisualStudioVersion = 15.0.28010.2003
MinimumVisualStudioVersion = 10.0.40219.1
Project("{8BC9CEB8-8B4A-11D0-8D11-00A0C91BC942}") = "DynamicStructuresC", "DynamicStructuresC\DynamicStructuresC.vcxproj", "{D35C74AF-DCAC-4AF9-B1A8-4D42D9C4E8AF}"
EndProject
Global
	GlobalSection(SolutionConfigurationPlatforms) = preSolution
		Debug|x64 = Debug|x64
		Debug|x86 = Debug|x86
		Release|x64 = Release|x64
		Release|x86 = Release|x86
	EndGlobalSection
	GlobalSection(ProjectConfigurationPlatforms) = postSolution
		{D35C74AF-DCAC-4AF9-B1A8-4D42D9C4E8AF}.Debug|x64.ActiveCfg = Debug|x64
		{D35C74AF-DCAC-4AF9-B1A8-4D42D9C4E8AF}.Debug|x64.Build.0 = Debug|x64
		{D35C74AF-DCAC-4AF9-B1A8-4D42D9C4E8AF}.Debug|x86.ActiveCfg = Debug|Win32
		{D35C74AF-DCAC-4AF9-B1A8-4D42D9C4E8AF}.Debug|x86.Build.0 = Debug|Win32
		{D35C74AF-DCAC-4AF9-B1A8-4D42D9C4E8AF}.Release|x64.ActiveCfg = Release|x64
		{D35C74AF-DCAC-4AF9-B1A8-4D42D9C4E8AF}.Release|x64.Build.0 = Release|x64
		{D35C74AF-DCAC-4AF9-B1A8-4D42D9C4E8AF}.Release|x86.ActiveCfg = Release|Win32
		{D35C74AF-DCAC-4AF9-B1A8-4D42D9C4E8AF}.Release|x86.Build.0 = Release|Win32
	EndGlobalSection
	GlobalSection(SolutionProperties) = preSolution
		HideSolutionNode = FALSE
	EndGlobalSection
	GlobalSection(ExtensibilityGlobals) = postSolution
		SolutionGuid = {081C8BB4-2E9A-4413-B23E-3D310AD9D358}
	EndGlobalSection
EndGlobal
