
Microsoft Visual Studio Solution File, Format Version 12.00
# Visual Studio 15
VisualStudioVersion = 15.0.28010.2003
MinimumVisualStudioVersion = 10.0.40219.1
Project("{FAE04EC0-301F-11D3-BF4B-00C04F79EFBC}") = "Ejercicio3", "Ejercicio3\Ejercicio3.csproj", "{74C093E0-98AF-49EE-A05E-20188E701AFC}"
EndProject
Global
	GlobalSection(SolutionConfigurationPlatforms) = preSolution
		Debug|Any CPU = Debug|Any CPU
		Release|Any CPU = Release|Any CPU
	EndGlobalSection
	GlobalSection(ProjectConfigurationPlatforms) = postSolution
		{74C093E0-98AF-49EE-A05E-20188E701AFC}.Debug|Any CPU.ActiveCfg = Debug|Any CPU
		{74C093E0-98AF-49EE-A05E-20188E701AFC}.Debug|Any CPU.Build.0 = Debug|Any CPU
		{74C093E0-98AF-49EE-A05E-20188E701AFC}.Release|Any CPU.ActiveCfg = Release|Any CPU
		{74C093E0-98AF-49EE-A05E-20188E701AFC}.Release|Any CPU.Build.0 = Release|Any CPU
	EndGlobalSection
	GlobalSection(SolutionProperties) = preSolution
		HideSolutionNode = FALSE
	EndGlobalSection
	GlobalSection(ExtensibilityGlobals) = postSolution
		SolutionGuid = {DEE6DC91-7C5E-4077-AE0B-6F6D10D07275}
	EndGlobalSection
EndGlobal
